// !$*UTF8*$!
{
	archiveVersion = 1;
	classes = {
	};
	objectVersion = 56;
	objects = {

/* Begin PBXBuildFile section */
		6CFDB7C12ABFB62500AE36C4 /* BeFitApp.swift in Sources */ = {isa = PBXBuildFile; fileRef = 6CFDB7C02ABFB62500AE36C4 /* BeFitApp.swift */; };
		6CFDB7C32ABFB62500AE36C4 /* ProfileView.swift in Sources */ = {isa = PBXBuildFile; fileRef = 6CFDB7C22ABFB62500AE36C4 /* ProfileView.swift */; };
		6CFDB7C52ABFB62600AE36C4 /* Assets.xcassets in Resources */ = {isa = PBXBuildFile; fileRef = 6CFDB7C42ABFB62600AE36C4 /* Assets.xcassets */; };
		6CFDB7C92ABFB62600AE36C4 /* Preview Assets.xcassets in Resources */ = {isa = PBXBuildFile; fileRef = 6CFDB7C82ABFB62600AE36C4 /* Preview Assets.xcassets */; };
		6CFDB7D22ABFBB0A00AE36C4 /* NavBar.swift in Sources */ = {isa = PBXBuildFile; fileRef = 6CFDB7D12ABFBB0A00AE36C4 /* NavBar.swift */; };
		6CFDB7D82AC0059B00AE36C4 /* ChallengesView.swift in Sources */ = {isa = PBXBuildFile; fileRef = 6CFDB7D72AC0059B00AE36C4 /* ChallengesView.swift */; };
		6CFDB7DA2AC006B100AE36C4 /* HomeView.swift in Sources */ = {isa = PBXBuildFile; fileRef = 6CFDB7D92AC006B100AE36C4 /* HomeView.swift */; };
		6CFDB7DC2AC006C000AE36C4 /* CameraView.swift in Sources */ = {isa = PBXBuildFile; fileRef = 6CFDB7DB2AC006C000AE36C4 /* CameraView.swift */; };
		6CFDB7DE2AC006CC00AE36C4 /* StatsView.swift in Sources */ = {isa = PBXBuildFile; fileRef = 6CFDB7DD2AC006CC00AE36C4 /* StatsView.swift */; };
		6CFDB7E02AC0112A00AE36C4 /* main.storyboard in Resources */ = {isa = PBXBuildFile; fileRef = 6CFDB7DF2AC0112A00AE36C4 /* main.storyboard */; };
/* End PBXBuildFile section */

/* Begin PBXFileReference section */
		6CFDB7BD2ABFB62500AE36C4 /* BeFit.app */ = {isa = PBXFileReference; explicitFileType = wrapper.application; includeInIndex = 0; path = BeFit.app; sourceTree = BUILT_PRODUCTS_DIR; };
		6CFDB7C02ABFB62500AE36C4 /* BeFitApp.swift */ = {isa = PBXFileReference; lastKnownFileType = sourcecode.swift; path = BeFitApp.swift; sourceTree = "<group>"; };
		6CFDB7C22ABFB62500AE36C4 /* ProfileView.swift */ = {isa = PBXFileReference; lastKnownFileType = sourcecode.swift; path = ProfileView.swift; sourceTree = "<group>"; };
		6CFDB7C42ABFB62600AE36C4 /* Assets.xcassets */ = {isa = PBXFileReference; lastKnownFileType = folder.assetcatalog; path = Assets.xcassets; sourceTree = "<group>"; };
		6CFDB7C62ABFB62600AE36C4 /* BeFit.entitlements */ = {isa = PBXFileReference; lastKnownFileType = text.plist.entitlements; path = BeFit.entitlements; sourceTree = "<group>"; };
		6CFDB7C82ABFB62600AE36C4 /* Preview Assets.xcassets */ = {isa = PBXFileReference; lastKnownFileType = folder.assetcatalog; path = "Preview Assets.xcassets"; sourceTree = "<group>"; };
		6CFDB7D12ABFBB0A00AE36C4 /* NavBar.swift */ = {isa = PBXFileReference; lastKnownFileType = sourcecode.swift; path = NavBar.swift; sourceTree = "<group>"; };
		6CFDB7D72AC0059B00AE36C4 /* ChallengesView.swift */ = {isa = PBXFileReference; lastKnownFileType = sourcecode.swift; path = ChallengesView.swift; sourceTree = "<group>"; };
		6CFDB7D92AC006B100AE36C4 /* HomeView.swift */ = {isa = PBXFileReference; lastKnownFileType = sourcecode.swift; path = HomeView.swift; sourceTree = "<group>"; };
		6CFDB7DB2AC006C000AE36C4 /* CameraView.swift */ = {isa = PBXFileReference; lastKnownFileType = sourcecode.swift; path = CameraView.swift; sourceTree = "<group>"; };
		6CFDB7DD2AC006CC00AE36C4 /* StatsView.swift */ = {isa = PBXFileReference; lastKnownFileType = sourcecode.swift; path = StatsView.swift; sourceTree = "<group>"; };
		6CFDB7DF2AC0112A00AE36C4 /* main.storyboard */ = {isa = PBXFileReference; lastKnownFileType = file.storyboard; path = main.storyboard; sourceTree = "<group>"; };
/* End PBXFileReference section */

/* Begin PBXFrameworksBuildPhase section */
		6CFDB7BA2ABFB62500AE36C4 /* Frameworks */ = {
			isa = PBXFrameworksBuildPhase;
			buildActionMask = 2147483647;
			files = (
			);
			runOnlyForDeploymentPostprocessing = 0;
		};
/* End PBXFrameworksBuildPhase section */

/* Begin PBXGroup section */
		6CFDB7B42ABFB62500AE36C4 = {
			isa = PBXGroup;
			children = (
				6CFDB7DF2AC0112A00AE36C4 /* main.storyboard */,
				6CFDB7BF2ABFB62500AE36C4 /* BeFit */,
				6CFDB7BE2ABFB62500AE36C4 /* Products */,
			);
			sourceTree = "<group>";
		};
		6CFDB7BE2ABFB62500AE36C4 /* Products */ = {
			isa = PBXGroup;
			children = (
				6CFDB7BD2ABFB62500AE36C4 /* BeFit.app */,
			);
			name = Products;
			sourceTree = "<group>";
		};
		6CFDB7BF2ABFB62500AE36C4 /* BeFit */ = {
			isa = PBXGroup;
			children = (
				6CFDB7C02ABFB62500AE36C4 /* BeFitApp.swift */,
				6CFDB7CF2ABFBA3600AE36C4 /* Views */,
				6CFDB7C42ABFB62600AE36C4 /* Assets.xcassets */,
				6CFDB7C62ABFB62600AE36C4 /* BeFit.entitlements */,
				6CFDB7C72ABFB62600AE36C4 /* Preview Content */,
			);
			path = BeFit;
			sourceTree = "<group>";
		};
		6CFDB7C72ABFB62600AE36C4 /* Preview Content */ = {
			isa = PBXGroup;
			children = (
				6CFDB7C82ABFB62600AE36C4 /* Preview Assets.xcassets */,
			);
			path = "Preview Content";
			sourceTree = "<group>";
		};
		6CFDB7CF2ABFBA3600AE36C4 /* Views */ = {
			isa = PBXGroup;
			children = (
				6CFDB7D02ABFBAC400AE36C4 /* NavBar */,
				6CFDB7D92AC006B100AE36C4 /* HomeView.swift */,
				6CFDB7D72AC0059B00AE36C4 /* ChallengesView.swift */,
				6CFDB7DB2AC006C000AE36C4 /* CameraView.swift */,
				6CFDB7DD2AC006CC00AE36C4 /* StatsView.swift */,
				6CFDB7C22ABFB62500AE36C4 /* ProfileView.swift */,
			);
			path = Views;
			sourceTree = "<group>";
		};
		6CFDB7D02ABFBAC400AE36C4 /* NavBar */ = {
			isa = PBXGroup;
			children = (
				6CFDB7D12ABFBB0A00AE36C4 /* NavBar.swift */,
			);
			path = NavBar;
			sourceTree = "<group>";
		};
/* End PBXGroup section */

/* Begin PBXNativeTarget section */
		6CFDB7BC2ABFB62500AE36C4 /* BeFit */ = {
			isa = PBXNativeTarget;
			buildConfigurationList = 6CFDB7CC2ABFB62600AE36C4 /* Build configuration list for PBXNativeTarget "BeFit" */;
			buildPhases = (
				6CFDB7B92ABFB62500AE36C4 /* Sources */,
				6CFDB7BA2ABFB62500AE36C4 /* Frameworks */,
				6CFDB7BB2ABFB62500AE36C4 /* Resources */,
			);
			buildRules = (
			);
			dependencies = (
			);
			name = BeFit;
			productName = BeFit;
			productReference = 6CFDB7BD2ABFB62500AE36C4 /* BeFit.app */;
			productType = "com.apple.product-type.application";
		};
/* End PBXNativeTarget section */

/* Begin PBXProject section */
		6CFDB7B52ABFB62500AE36C4 /* Project object */ = {
			isa = PBXProject;
			attributes = {
				BuildIndependentTargetsInParallel = 1;
				LastSwiftUpdateCheck = 1420;
				LastUpgradeCheck = 1420;
				TargetAttributes = {
					6CFDB7BC2ABFB62500AE36C4 = {
						CreatedOnToolsVersion = 14.2;
					};
				};
			};
			buildConfigurationList = 6CFDB7B82ABFB62500AE36C4 /* Build configuration list for PBXProject "BeFit" */;
			compatibilityVersion = "Xcode 14.0";
			developmentRegion = en;
			hasScannedForEncodings = 0;
			knownRegions = (
				en,
				Base,
			);
			mainGroup = 6CFDB7B42ABFB62500AE36C4;
			productRefGroup = 6CFDB7BE2ABFB62500AE36C4 /* Products */;
			projectDirPath = "";
			projectRoot = "";
			targets = (
				6CFDB7BC2ABFB62500AE36C4 /* BeFit */,
			);
		};
/* End PBXProject section */

/* Begin PBXResourcesBuildPhase section */
		6CFDB7BB2ABFB62500AE36C4 /* Resources */ = {
			isa = PBXResourcesBuildPhase;
			buildActionMask = 2147483647;
			files = (
				6CFDB7C92ABFB62600AE36C4 /* Preview Assets.xcassets in Resources */,
				6CFDB7E02AC0112A00AE36C4 /* main.storyboard in Resources */,
				6CFDB7C52ABFB62600AE36C4 /* Assets.xcassets in Resources */,
			);
			runOnlyForDeploymentPostprocessing = 0;
		};
/* End PBXResourcesBuildPhase section */

/* Begin PBXSourcesBuildPhase section */
		6CFDB7B92ABFB62500AE36C4 /* Sources */ = {
			isa = PBXSourcesBuildPhase;
			buildActionMask = 2147483647;
			files = (
				6CFDB7D82AC0059B00AE36C4 /* ChallengesView.swift in Sources */,
				6CFDB7C32ABFB62500AE36C4 /* ProfileView.swift in Sources */,
				6CFDB7C12ABFB62500AE36C4 /* BeFitApp.swift in Sources */,
				6CFDB7DC2AC006C000AE36C4 /* CameraView.swift in Sources */,
				6CFDB7DA2AC006B100AE36C4 /* HomeView.swift in Sources */,
				6CFDB7DE2AC006CC00AE36C4 /* StatsView.swift in Sources */,
				6CFDB7D22ABFBB0A00AE36C4 /* NavBar.swift in Sources */,
			);
			runOnlyForDeploymentPostprocessing = 0;
		};
/* End PBXSourcesBuildPhase section */

/* Begin XCBuildConfiguration section */
		6CFDB7CA2ABFB62600AE36C4 /* Debug */ = {
			isa = XCBuildConfiguration;
			buildSettings = {
				ALWAYS_SEARCH_USER_PATHS = NO;
				CLANG_ANALYZER_NONNULL = YES;
				CLANG_ANALYZER_NUMBER_OBJECT_CONVERSION = YES_AGGRESSIVE;
				CLANG_CXX_LANGUAGE_STANDARD = "gnu++20";
				CLANG_ENABLE_MODULES = YES;
				CLANG_ENABLE_OBJC_ARC = YES;
				CLANG_ENABLE_OBJC_WEAK = YES;
				CLANG_WARN_BLOCK_CAPTURE_AUTORELEASING = YES;
				CLANG_WARN_BOOL_CONVERSION = YES;
				CLANG_WARN_COMMA = YES;
				CLANG_WARN_CONSTANT_CONVERSION = YES;
				CLANG_WARN_DEPRECATED_OBJC_IMPLEMENTATIONS = YES;
				CLANG_WARN_DIRECT_OBJC_ISA_USAGE = YES_ERROR;
				CLANG_WARN_DOCUMENTATION_COMMENTS = YES;
				CLANG_WARN_EMPTY_BODY = YES;
				CLANG_WARN_ENUM_CONVERSION = YES;
				CLANG_WARN_INFINITE_RECURSION = YES;
				CLANG_WARN_INT_CONVERSION = YES;
				CLANG_WARN_NON_LITERAL_NULL_CONVERSION = YES;
				CLANG_WARN_OBJC_IMPLICIT_RETAIN_SELF = YES;
				CLANG_WARN_OBJC_LITERAL_CONVERSION = YES;
				CLANG_WARN_OBJC_ROOT_CLASS = YES_ERROR;
				CLANG_WARN_QUOTED_INCLUDE_IN_FRAMEWORK_HEADER = YES;
				CLANG_WARN_RANGE_LOOP_ANALYSIS = YES;
				CLANG_WARN_STRICT_PROTOTYPES = YES;
				CLANG_WARN_SUSPICIOUS_MOVE = YES;
				CLANG_WARN_UNGUARDED_AVAILABILITY = YES_AGGRESSIVE;
				CLANG_WARN_UNREACHABLE_CODE = YES;
				CLANG_WARN__DUPLICATE_METHOD_MATCH = YES;
				COPY_PHASE_STRIP = NO;
				DEBUG_INFORMATION_FORMAT = dwarf;
				ENABLE_STRICT_OBJC_MSGSEND = YES;
				ENABLE_TESTABILITY = YES;
				GCC_C_LANGUAGE_STANDARD = gnu11;
				GCC_DYNAMIC_NO_PIC = NO;
				GCC_NO_COMMON_BLOCKS = YES;
				GCC_OPTIMIZATION_LEVEL = 0;
				GCC_PREPROCESSOR_DEFINITIONS = (
					"DEBUG=1",
					"$(inherited)",
				);
				GCC_WARN_64_TO_32_BIT_CONVERSION = YES;
				GCC_WARN_ABOUT_RETURN_TYPE = YES_ERROR;
				GCC_WARN_UNDECLARED_SELECTOR = YES;
				GCC_WARN_UNINITIALIZED_AUTOS = YES_AGGRESSIVE;
				GCC_WARN_UNUSED_FUNCTION = YES;
				GCC_WARN_UNUSED_VARIABLE = YES;
				MTL_ENABLE_DEBUG_INFO = INCLUDE_SOURCE;
				MTL_FAST_MATH = YES;
				ONLY_ACTIVE_ARCH = YES;
				SWIFT_ACTIVE_COMPILATION_CONDITIONS = DEBUG;
				SWIFT_OPTIMIZATION_LEVEL = "-Onone";
			};
			name = Debug;
		};
		6CFDB7CB2ABFB62600AE36C4 /* Release */ = {
			isa = XCBuildConfiguration;
			buildSettings = {
				ALWAYS_SEARCH_USER_PATHS = NO;
				CLANG_ANALYZER_NONNULL = YES;
				CLANG_ANALYZER_NUMBER_OBJECT_CONVERSION = YES_AGGRESSIVE;
				CLANG_CXX_LANGUAGE_STANDARD = "gnu++20";
				CLANG_ENABLE_MODULES = YES;
				CLANG_ENABLE_OBJC_ARC = YES;
				CLANG_ENABLE_OBJC_WEAK = YES;
				CLANG_WARN_BLOCK_CAPTURE_AUTORELEASING = YES;
				CLANG_WARN_BOOL_CONVERSION = YES;
				CLANG_WARN_COMMA = YES;
				CLANG_WARN_CONSTANT_CONVERSION = YES;
				CLANG_WARN_DEPRECATED_OBJC_IMPLEMENTATIONS = YES;
				CLANG_WARN_DIRECT_OBJC_ISA_USAGE = YES_ERROR;
				CLANG_WARN_DOCUMENTATION_COMMENTS = YES;
				CLANG_WARN_EMPTY_BODY = YES;
				CLANG_WARN_ENUM_CONVERSION = YES;
				CLANG_WARN_INFINITE_RECURSION = YES;
				CLANG_WARN_INT_CONVERSION = YES;
				CLANG_WARN_NON_LITERAL_NULL_CONVERSION = YES;
				CLANG_WARN_OBJC_IMPLICIT_RETAIN_SELF = YES;
				CLANG_WARN_OBJC_LITERAL_CONVERSION = YES;
				CLANG_WARN_OBJC_ROOT_CLASS = YES_ERROR;
				CLANG_WARN_QUOTED_INCLUDE_IN_FRAMEWORK_HEADER = YES;
				CLANG_WARN_RANGE_LOOP_ANALYSIS = YES;
				CLANG_WARN_STRICT_PROTOTYPES = YES;
				CLANG_WARN_SUSPICIOUS_MOVE = YES;
				CLANG_WARN_UNGUARDED_AVAILABILITY = YES_AGGRESSIVE;
				CLANG_WARN_UNREACHABLE_CODE = YES;
				CLANG_WARN__DUPLICATE_METHOD_MATCH = YES;
				COPY_PHASE_STRIP = NO;
				DEBUG_INFORMATION_FORMAT = "dwarf-with-dsym";
				ENABLE_NS_ASSERTIONS = NO;
				ENABLE_STRICT_OBJC_MSGSEND = YES;
				GCC_C_LANGUAGE_STANDARD = gnu11;
				GCC_NO_COMMON_BLOCKS = YES;
				GCC_WARN_64_TO_32_BIT_CONVERSION = YES;
				GCC_WARN_ABOUT_RETURN_TYPE = YES_ERROR;
				GCC_WARN_UNDECLARED_SELECTOR = YES;
				GCC_WARN_UNINITIALIZED_AUTOS = YES_AGGRESSIVE;
				GCC_WARN_UNUSED_FUNCTION = YES;
				GCC_WARN_UNUSED_VARIABLE = YES;
				MTL_ENABLE_DEBUG_INFO = NO;
				MTL_FAST_MATH = YES;
				SWIFT_COMPILATION_MODE = wholemodule;
				SWIFT_OPTIMIZATION_LEVEL = "-O";
			};
			name = Release;
		};
		6CFDB7CD2ABFB62600AE36C4 /* Debug */ = {
			isa = XCBuildConfiguration;
			buildSettings = {
				ASSETCATALOG_COMPILER_APPICON_NAME = AppIcon;
				ASSETCATALOG_COMPILER_GLOBAL_ACCENT_COLOR_NAME = AccentColor;
				CODE_SIGN_ENTITLEMENTS = BeFit/BeFit.entitlements;
				CODE_SIGN_STYLE = Automatic;
				CURRENT_PROJECT_VERSION = 1;
				DEVELOPMENT_ASSET_PATHS = "\"BeFit/Preview Content\"";
				ENABLE_PREVIEWS = YES;
				GENERATE_INFOPLIST_FILE = YES;
				"INFOPLIST_KEY_UIApplicationSceneManifest_Generation[sdk=iphoneos*]" = YES;
				"INFOPLIST_KEY_UIApplicationSceneManifest_Generation[sdk=iphonesimulator*]" = YES;
				"INFOPLIST_KEY_UIApplicationSupportsIndirectInputEvents[sdk=iphoneos*]" = YES;
				"INFOPLIST_KEY_UIApplicationSupportsIndirectInputEvents[sdk=iphonesimulator*]" = YES;
				"INFOPLIST_KEY_UILaunchScreen_Generation[sdk=iphoneos*]" = YES;
				"INFOPLIST_KEY_UILaunchScreen_Generation[sdk=iphonesimulator*]" = YES;
				"INFOPLIST_KEY_UIStatusBarStyle[sdk=iphoneos*]" = UIStatusBarStyleDefault;
				"INFOPLIST_KEY_UIStatusBarStyle[sdk=iphonesimulator*]" = UIStatusBarStyleDefault;
				INFOPLIST_KEY_UISupportedInterfaceOrientations_iPad = "UIInterfaceOrientationPortrait UIInterfaceOrientationPortraitUpsideDown UIInterfaceOrientationLandscapeLeft UIInterfaceOrientationLandscapeRight";
				INFOPLIST_KEY_UISupportedInterfaceOrientations_iPhone = "UIInterfaceOrientationPortrait UIInterfaceOrientationLandscapeLeft UIInterfaceOrientationLandscapeRight";
				IPHONEOS_DEPLOYMENT_TARGET = 16.2;
				LD_RUNPATH_SEARCH_PATHS = "@executable_path/Frameworks";
				"LD_RUNPATH_SEARCH_PATHS[sdk=macosx*]" = "@executable_path/../Frameworks";
				MACOSX_DEPLOYMENT_TARGET = 12.5;
				MARKETING_VERSION = 1.0;
				PRODUCT_BUNDLE_IDENTIFIER = ase.BeFit;
				PRODUCT_NAME = "$(TARGET_NAME)";
				SDKROOT = auto;
				SUPPORTED_PLATFORMS = "iphoneos iphonesimulator macosx";
				SWIFT_EMIT_LOC_STRINGS = YES;
				SWIFT_VERSION = 5.0;
				TARGETED_DEVICE_FAMILY = "1,2";
			};
			name = Debug;
		};
		6CFDB7CE2ABFB62600AE36C4 /* Release */ = {
			isa = XCBuildConfiguration;
			buildSettings = {
				ASSETCATALOG_COMPILER_APPICON_NAME = AppIcon;
				ASSETCATALOG_COMPILER_GLOBAL_ACCENT_COLOR_NAME = AccentColor;
				CODE_SIGN_ENTITLEMENTS = BeFit/BeFit.entitlements;
				CODE_SIGN_STYLE = Automatic;
				CURRENT_PROJECT_VERSION = 1;
				DEVELOPMENT_ASSET_PATHS = "\"BeFit/Preview Content\"";
				ENABLE_PREVIEWS = YES;
				GENERATE_INFOPLIST_FILE = YES;
				"INFOPLIST_KEY_UIApplicationSceneManifest_Generation[sdk=iphoneos*]" = YES;
				"INFOPLIST_KEY_UIApplicationSceneManifest_Generation[sdk=iphonesimulator*]" = YES;
				"INFOPLIST_KEY_UIApplicationSupportsIndirectInputEvents[sdk=iphoneos*]" = YES;
				"INFOPLIST_KEY_UIApplicationSupportsIndirectInputEvents[sdk=iphonesimulator*]" = YES;
				"INFOPLIST_KEY_UILaunchScreen_Generation[sdk=iphoneos*]" = YES;
				"INFOPLIST_KEY_UILaunchScreen_Generation[sdk=iphonesimulator*]" = YES;
				"INFOPLIST_KEY_UIStatusBarStyle[sdk=iphoneos*]" = UIStatusBarStyleDefault;
				"INFOPLIST_KEY_UIStatusBarStyle[sdk=iphonesimulator*]" = UIStatusBarStyleDefault;
				INFOPLIST_KEY_UISupportedInterfaceOrientations_iPad = "UIInterfaceOrientationPortrait UIInterfaceOrientationPortraitUpsideDown UIInterfaceOrientationLandscapeLeft UIInterfaceOrientationLandscapeRight";
				INFOPLIST_KEY_UISupportedInterfaceOrientations_iPhone = "UIInterfaceOrientationPortrait UIInterfaceOrientationLandscapeLeft UIInterfaceOrientationLandscapeRight";
				IPHONEOS_DEPLOYMENT_TARGET = 16.2;
				LD_RUNPATH_SEARCH_PATHS = "@executable_path/Frameworks";
				"LD_RUNPATH_SEARCH_PATHS[sdk=macosx*]" = "@executable_path/../Frameworks";
				MACOSX_DEPLOYMENT_TARGET = 12.5;
				MARKETING_VERSION = 1.0;
				PRODUCT_BUNDLE_IDENTIFIER = ase.BeFit;
				PRODUCT_NAME = "$(TARGET_NAME)";
				SDKROOT = auto;
				SUPPORTED_PLATFORMS = "iphoneos iphonesimulator macosx";
				SWIFT_EMIT_LOC_STRINGS = YES;
				SWIFT_VERSION = 5.0;
				TARGETED_DEVICE_FAMILY = "1,2";
			};
			name = Release;
		};
/* End XCBuildConfiguration section */

/* Begin XCConfigurationList section */
		6CFDB7B82ABFB62500AE36C4 /* Build configuration list for PBXProject "BeFit" */ = {
			isa = XCConfigurationList;
			buildConfigurations = (
				6CFDB7CA2ABFB62600AE36C4 /* Debug */,
				6CFDB7CB2ABFB62600AE36C4 /* Release */,
			);
			defaultConfigurationIsVisible = 0;
			defaultConfigurationName = Release;
		};
		6CFDB7CC2ABFB62600AE36C4 /* Build configuration list for PBXNativeTarget "BeFit" */ = {
			isa = XCConfigurationList;
			buildConfigurations = (
				6CFDB7CD2ABFB62600AE36C4 /* Debug */,
				6CFDB7CE2ABFB62600AE36C4 /* Release */,
			);
			defaultConfigurationIsVisible = 0;
			defaultConfigurationName = Release;
		};
/* End XCConfigurationList section */
	};
	rootObject = 6CFDB7B52ABFB62500AE36C4 /* Project object */;
}
